lockfileVersion: 5.3

specifiers:
  '@prisma/client': 3.7.0
  '@tinyhttp/app': ^2.0.13
  '@tinyhttp/cors': ^2.0.0
  '@tinyhttp/logger': ^1.3.0
  '@types/node': ^17.0.2
  prisma: ^3.7.0
  tsm: ^2.2.1

dependencies:
  '@prisma/client': 3.7.0_prisma@3.7.0
  '@tinyhttp/app': 2.0.13
  '@tinyhttp/cors': 2.0.0
  '@tinyhttp/logger': 1.3.0

devDependencies:
  '@types/node': 17.0.2
  prisma: 3.7.0
  tsm: 2.2.1

packages:

  /@prisma/client/3.7.0_prisma@3.7.0:
    resolution: {integrity: sha512-fUJMvBOX5C7JPc0e3CJD6Gbelbu4dMJB4ScYpiht8HMUnRShw20ULOipTopjNtl6ekHQJ4muI7pXlQxWS9nMbw==}
    engines: {node: '>=12.6'}
    requiresBuild: true
    peerDependencies:
      prisma: '*'
    peerDependenciesMeta:
      prisma:
        optional: true
    dependencies:
      '@prisma/engines-version': 3.7.0-31.8746e055198f517658c08a0c426c7eec87f5a85f
      prisma: 3.7.0
    dev: false

  /@prisma/engines-version/3.7.0-31.8746e055198f517658c08a0c426c7eec87f5a85f:
    resolution: {integrity: sha512-+qx2b+HK7BKF4VCa0LZ/t1QCXsu6SmvhUQyJkOD2aPpmOzket4fEnSKQZSB0i5tl7rwCDsvAiSeK8o7rf+yvwg==}
    dev: false

  /@prisma/engines/3.7.0-31.8746e055198f517658c08a0c426c7eec87f5a85f:
    resolution: {integrity: sha512-W549ub5NlgexNhR8EFstA/UwAWq3Zq0w9aNkraqsozVCt2CsX+lK4TK7IW5OZVSnxHwRjrgEAt3r9yPy8nZQRg==}
    requiresBuild: true
    dev: true

  /@tinyhttp/accepts/2.0.4:
    resolution: {integrity: sha512-Qz+ReA+DaXCNKdzicVZhl4qUhGpLKQ8vYNMU+pm3PtSBwY32wXw+k0nh6+XBhrKnZ4/o8QeMCV5x7XTtJfW//Q==}
    engines: {node: '>=12.4.0'}
    dependencies:
      es-mime-types: 0.1.4
      negotiator: 0.6.2
    dev: false

  /@tinyhttp/app/2.0.13:
    resolution: {integrity: sha512-00EmFnhmfK7KU0Glu/vvLVW7/Ul++1YyoanfOtj0QadDPn9clga9u3GTA+Qbx0Im+kYEHg+BaG3NNgfZOxI8Qg==}
    engines: {node: '>=12.x'}
    dependencies:
      '@tinyhttp/cookie': 2.0.3
      '@tinyhttp/proxy-addr': 2.0.2
      '@tinyhttp/req': 2.0.9
      '@tinyhttp/res': 2.0.10
      '@tinyhttp/router': 2.0.4
      header-range-parser: 1.1.1
      regexparam: 2.0.0
    dev: false

  /@tinyhttp/content-disposition/2.0.4:
    resolution: {integrity: sha512-SGU8nVfDbiJa5eCA7BWUEMjSaf/b6nLQHEzuzmKhA3BIGHuBWXSIcr1dGeLopmohQoZkIQfk5psM5TOgVgrraA==}
    engines: {node: '>=12.4.0'}
    dev: false

  /@tinyhttp/cookie-signature/2.0.2:
    resolution: {integrity: sha512-lyIdDzLILp6T2fymJn9zKBgXwlZMIUiqMUIEd4x/ZGFNvnNs/zeYDBQFdAygBtv4Bgl5Zpf6tN+e6fkj6TlMYQ==}
    engines: {node: '>=12.4.0'}
    dev: false

  /@tinyhttp/cookie/2.0.3:
    resolution: {integrity: sha512-ZHvDHyNc0VwKLgFqwCNbrMObJqJHKQNnMARdPlK2+VvKVB3h/ZT5kYAXYFxxWFJFNqXaXz0E7i2kX32bMeMGUw==}
    engines: {node: '>=12.4.0'}
    dev: false

  /@tinyhttp/cors/2.0.0:
    resolution: {integrity: sha512-IwQsPBnK+gRrhTsPA4FPOfbNzZZt8cVsOIMNFb6HzoScaiWcoLEogL0Bz/aBSm8KM13uieVXoVT6udMqhqUS2A==}
    engines: {node: '>=12.4 || 14.x || >=16'}
    dependencies:
      es-vary: 0.1.1
    dev: false

  /@tinyhttp/encode-url/2.0.3:
    resolution: {integrity: sha512-bAKjBLhYTZZgLphZ9B09Q8bQ39RejEiB1+3Rjjmkb/Q2cIKOWvRNTgkeQ3D6ITefxW9KMPE9eab51PPYhFbvbg==}
    engines: {node: '>=12.4.0'}
    dev: false

  /@tinyhttp/etag/2.0.2:
    resolution: {integrity: sha512-utxkv5skxWJESUAKZk7F11DcgBiE4vBXiPfnWZcGNZDa6T372V2ESUD2Y7fV85bsC1/4ZrnnmS7lg9Nd401oLw==}
    engines: {node: '>=12.4.0'}
    dev: false

  /@tinyhttp/forwarded/2.0.2:
    resolution: {integrity: sha512-q+l7xMyN7buYjUfWbepLM36lI7FZmv+sm0arqzFGrTVWfEbKLiHTv+5c7H3O8/aYcxuyR4cBUrmwT6jw4dZhFw==}
    engines: {node: '>=12.4.0'}
    dev: false

  /@tinyhttp/logger/1.3.0:
    resolution: {integrity: sha512-u8vbW8OEPur3ZlkJGNO+Nl/xw78cdIaDAcWMUEg7o3UY9L5xezMQcLBPX8ykJLEB+Yl+BDmTvt1s1LzkwM6mNQ==}
    engines: {node: '>=12.4.0'}
    dependencies:
      colorette: 1.4.0
      dayjs: 1.10.7
      http-status-emojis: 2.2.0
    dev: false

  /@tinyhttp/proxy-addr/2.0.2:
    resolution: {integrity: sha512-wuXpzG9XsUQ2/YvCL5BSvp1JXc5HIuXlVJhMqdC0wv8iKF3hHv62H5XVd/wvzo/OWgiqt4hjxA4wITzND5Ed+g==}
    engines: {node: '>=12.4.0'}
    dependencies:
      '@tinyhttp/forwarded': 2.0.2
      ipaddr.js: 2.0.1
    dev: false

  /@tinyhttp/req/2.0.9:
    resolution: {integrity: sha512-+UWEY419Tok+QSymV/zQL/+VljDLXRBLjPu3wqTmeIIcX/GdjBQFesz2rRR3Uo3N0MNgBcQWmt9oHRdoR3UQQw==}
    engines: {node: '>=12.4.0'}
    dependencies:
      '@tinyhttp/accepts': 2.0.4
      '@tinyhttp/type-is': 2.0.3
      '@tinyhttp/url': 2.0.4
      es-fresh: 0.0.10
      header-range-parser: 1.1.1
    dev: false

  /@tinyhttp/res/2.0.10:
    resolution: {integrity: sha512-zw5Md3lnZHmNVV2C+LM16sW4FzS3ZUHmOdYHTgwOHE09nL5lw9v1zuvW60gEGirKaipnlVwFvmG7p1DgdoPGlw==}
    engines: {node: '>=12.4.0'}
    dependencies:
      '@tinyhttp/content-disposition': 2.0.4
      '@tinyhttp/cookie': 2.0.3
      '@tinyhttp/cookie-signature': 2.0.2
      '@tinyhttp/encode-url': 2.0.3
      '@tinyhttp/req': 2.0.9
      '@tinyhttp/send': 2.0.3
      es-escape-html: 0.1.1
      es-mime-types: 0.1.4
      es-vary: 0.1.1
    dev: false

  /@tinyhttp/router/2.0.4:
    resolution: {integrity: sha512-mO8jWrB951UTkX8akzhHa5UMjQKleNhbQDnd4EZSA7VOXE9n28tqHmYgg1G/czDL6gwRl6Bppj5crJIbvMDGwg==}
    engines: {node: '>=12.4.0'}
    dev: false

  /@tinyhttp/send/2.0.3:
    resolution: {integrity: sha512-oU4Q6NJzXJeOVCdYbgtOFlq5viEpKUFkZVpbF5AqFD64yzPp2vX9MuiSVvrIzL9Ls2qR+OzWsrwuXIkKzjW+xg==}
    engines: {node: '>=12.4.0'}
    dependencies:
      '@tinyhttp/etag': 2.0.2
      es-content-type: 0.1.0
      es-mime-types: 0.1.4
    dev: false

  /@tinyhttp/type-is/2.0.3:
    resolution: {integrity: sha512-vmOvbI7dSue4oV5JRbEpgJGgsfQE/Gd6eqEIhdeRO0jcVUzJaYx2/XvBGbBG9Mo8MGFjiEiq7qBzeOFctCmXBw==}
    engines: {node: '>=12.4.0'}
    dependencies:
      es-content-type: 0.1.0
      es-mime-types: 0.1.4
    dev: false

  /@tinyhttp/url/2.0.4:
    resolution: {integrity: sha512-KfFz+NnXnX+G8GwrhoDSbjnoGYS6U1x65i+hRWlG/xbL9pcxlib+kGA7QO9mC5vXzclbgkx4UftPjSNVw1A1Ow==}
    engines: {node: '>=12.4.0'}
    dev: false

  /@types/node/17.0.2:
    resolution: {integrity: sha512-JepeIUPFDARgIs0zD/SKPgFsJEAF0X5/qO80llx59gOxFTboS9Amv3S+QfB7lqBId5sFXJ99BN0J6zFRvL9dDA==}
    dev: true

  /colorette/1.4.0:
    resolution: {integrity: sha512-Y2oEozpomLn7Q3HFP7dpww7AtMJplbM9lGZP6RDfHqmbeRjiwRg4n6VM6j4KLmRke85uWEI7JqF17f3pqdRA0g==}
    dev: false

  /dayjs/1.10.7:
    resolution: {integrity: sha512-P6twpd70BcPK34K26uJ1KT3wlhpuOAPoMwJzpsIWUxHZ7wpmbdZL/hQqBDfz7hGurYSa5PhzdhDHtt319hL3ig==}
    dev: false

  /es-content-type/0.1.0:
    resolution: {integrity: sha512-DqWU9pSzhNlO10q+NQ/KebImLkKbwbcy0pSv3hNQfEpKFHsrqDJz2vajpZdq7nkiG9DoJcTh22oHGymp7XJd9g==}
    engines: {node: '>=12.x'}
    dev: false

  /es-escape-html/0.1.1:
    resolution: {integrity: sha512-yUx1o+8RsG7UlszmYPtks+dm6Lho2m8lgHMOsLJQsFI0R8XwUJwiMhM1M4E/S8QLeGyf6MkDV/pWgjQ0tdTSyQ==}
    engines: {node: '>=12.x'}
    dev: false

  /es-fresh/0.0.10:
    resolution: {integrity: sha512-/e5etUqtxj7JktALldpsDNC84DOHavN9PqojnTTGeX1M2/Q4/SF8d55d7AsB3n66WYS43hdBbn0sAllto5kSIg==}
    engines: {node: '>=12.x'}
    dev: false

  /es-mime-types/0.1.4:
    resolution: {integrity: sha512-rUrmfrUIHU/4ykYB+YH80LDiSpmn6sE/A9E8EsFZP4LCtf/PH+ju6d6goFJ8fsGf81pRtQn1cJSmp8JGA9YkfQ==}
    engines: {node: '>=12.x'}
    dependencies:
      mime-db: 1.51.0
    dev: false

  /es-vary/0.1.1:
    resolution: {integrity: sha512-4UOWrTu8lz5otSyWxcS0LbYz8WyYOEiWHGkBIu0VfhTsY+vtc7+fOSDHsxtEUBeu7mDnTwqsKg5NEXeq5Da1Hg==}
    engines: {node: '>=12.x'}
    dev: false

  /esbuild-android-arm64/0.14.7:
    resolution: {integrity: sha512-9/Q1NC4JErvsXzJKti0NHt+vzKjZOgPIjX/e6kkuCzgfT/GcO3FVBcGIv4HeJG7oMznE6KyKhvLrFgt7CdU2/w==}
    cpu: [arm64]
    os: [android]
    requiresBuild: true
    dev: true
    optional: true

  /esbuild-darwin-64/0.14.7:
    resolution: {integrity: sha512-Z9X+3TT/Xj+JiZTVlwHj2P+8GoiSmUnGVz0YZTSt8WTbW3UKw5Pw2ucuJ8VzbD2FPy0jbIKJkko/6CMTQchShQ==}
    cpu: [x64]
    os: [darwin]
    requiresBuild: true
    dev: true
    optional: true

  /esbuild-darwin-arm64/0.14.7:
    resolution: {integrity: sha512-68e7COhmwIiLXBEyxUxZSSU0akgv8t3e50e2QOtKdBUE0F6KIRISzFntLe2rYlNqSsjGWsIO6CCc9tQxijjSkw==}
    cpu: [arm64]
    os: [darwin]
    requiresBuild: true
    dev: true
    optional: true

  /esbuild-freebsd-64/0.14.7:
    resolution: {integrity: sha512-76zy5jAjPiXX/S3UvRgG85Bb0wy0zv/J2lel3KtHi4V7GUTBfhNUPt0E5bpSXJ6yMT7iThhnA5rOn+IJiUcslQ==}
    cpu: [x64]
    os: [freebsd]
    requiresBuild: true
    dev: true
    optional: true

  /esbuild-freebsd-arm64/0.14.7:
    resolution: {integrity: sha512-lSlYNLiqyzd7qCN5CEOmLxn7MhnGHPcu5KuUYOG1i+t5A6q7LgBmfYC9ZHJBoYyow3u4CNu79AWHbvVLpE/VQQ==}
    cpu: [arm64]
    os: [freebsd]
    requiresBuild: true
    dev: true
    optional: true

  /esbuild-linux-32/0.14.7:
    resolution: {integrity: sha512-Vk28u409wVOXqTaT6ek0TnfQG4Ty1aWWfiysIaIRERkNLhzLhUf4i+qJBN8mMuGTYOkE40F0Wkbp6m+IidOp2A==}
    cpu: [ia32]
    os: [linux]
    requiresBuild: true
    dev: true
    optional: true

  /esbuild-linux-64/0.14.7:
    resolution: {integrity: sha512-+Lvz6x+8OkRk3K2RtZwO+0a92jy9si9cUea5Zoru4yJ/6EQm9ENX5seZE0X9DTwk1dxJbjmLsJsd3IoowyzgVg==}
    cpu: [x64]
    os: [linux]
    requiresBuild: true
    dev: true
    optional: true

  /esbuild-linux-arm/0.14.7:
    resolution: {integrity: sha512-OzpXEBogbYdcBqE4uKynuSn5YSetCvK03Qv1HcOY1VN6HmReuatjJ21dCH+YPHSpMEF0afVCnNfffvsGEkxGJQ==}
    cpu: [arm]
    os: [linux]
    requiresBuild: true
    dev: true
    optional: true

  /esbuild-linux-arm64/0.14.7:
    resolution: {integrity: sha512-kJd5beWSqteSAW086qzCEsH6uwpi7QRIpzYWHzEYwKKu9DiG1TwIBegQJmLpPsLp4v5RAFjea0JAmAtpGtRpqg==}
    cpu: [arm64]
    os: [linux]
    requiresBuild: true
    dev: true
    optional: true

  /esbuild-linux-mips64le/0.14.7:
    resolution: {integrity: sha512-mFWpnDhZJmj/h7pxqn1GGDsKwRfqtV7fx6kTF5pr4PfXe8pIaTERpwcKkoCwZUkWAOmUEjMIUAvFM72A6hMZnA==}
    cpu: [mips64el]
    os: [linux]
    requiresBuild: true
    dev: true
    optional: true

  /esbuild-linux-ppc64le/0.14.7:
    resolution: {integrity: sha512-wM7f4M0bsQXfDL4JbbYD0wsr8cC8KaQ3RPWc/fV27KdErPW7YsqshZZSjDV0kbhzwpNNdhLItfbaRT8OE8OaKA==}
    cpu: [ppc64]
    os: [linux]
    requiresBuild: true
    dev: true
    optional: true

  /esbuild-netbsd-64/0.14.7:
    resolution: {integrity: sha512-J/afS7woKyzGgAL5FlgvMyqgt5wQ597lgsT+xc2yJ9/7BIyezeXutXqfh05vszy2k3kSvhLesugsxIA71WsqBw==}
    cpu: [x64]
    os: [netbsd]
    requiresBuild: true
    dev: true
    optional: true

  /esbuild-openbsd-64/0.14.7:
    resolution: {integrity: sha512-7CcxgdlCD+zAPyveKoznbgr3i0Wnh0L8BDGRCjE/5UGkm5P/NQko51tuIDaYof8zbmXjjl0OIt9lSo4W7I8mrw==}
    cpu: [x64]
    os: [openbsd]
    requiresBuild: true
    dev: true
    optional: true

  /esbuild-sunos-64/0.14.7:
    resolution: {integrity: sha512-GKCafP2j/KUljVC3nesw1wLFSZktb2FGCmoT1+730zIF5O6hNroo0bSEofm6ZK5mNPnLiSaiLyRB9YFgtkd5Xg==}
    cpu: [x64]
    os: [sunos]
    requiresBuild: true
    dev: true
    optional: true

  /esbuild-windows-32/0.14.7:
    resolution: {integrity: sha512-5I1GeL/gZoUUdTPA0ws54bpYdtyeA2t6MNISalsHpY269zK8Jia/AXB3ta/KcDHv2SvNwabpImeIPXC/k0YW6A==}
    cpu: [ia32]
    os: [win32]
    requiresBuild: true
    dev: true
    optional: true

  /esbuild-windows-64/0.14.7:
    resolution: {integrity: sha512-CIGKCFpQOSlYsLMbxt8JjxxvVw9MlF1Rz2ABLVfFyHUF5OeqHD5fPhGrCVNaVrhO8Xrm+yFmtjcZudUGr5/WYQ==}
    cpu: [x64]
    os: [win32]
    requiresBuild: true
    dev: true
    optional: true

  /esbuild-windows-arm64/0.14.7:
    resolution: {integrity: sha512-eOs1eSivOqN7cFiRIukEruWhaCf75V0N8P0zP7dh44LIhLl8y6/z++vv9qQVbkBm5/D7M7LfCfCTmt1f1wHOCw==}
    cpu: [arm64]
    os: [win32]
    requiresBuild: true
    dev: true
    optional: true

  /esbuild/0.14.7:
    resolution: {integrity: sha512-+u/msd6iu+HvfysUPkZ9VHm83LImmSNnecYPfFI01pQ7TTcsFR+V0BkybZX7mPtIaI7LCrse6YRj+v3eraJSgw==}
    hasBin: true
    requiresBuild: true
    optionalDependencies:
      esbuild-android-arm64: 0.14.7
      esbuild-darwin-64: 0.14.7
      esbuild-darwin-arm64: 0.14.7
      esbuild-freebsd-64: 0.14.7
      esbuild-freebsd-arm64: 0.14.7
      esbuild-linux-32: 0.14.7
      esbuild-linux-64: 0.14.7
      esbuild-linux-arm: 0.14.7
      esbuild-linux-arm64: 0.14.7
      esbuild-linux-mips64le: 0.14.7
      esbuild-linux-ppc64le: 0.14.7
      esbuild-netbsd-64: 0.14.7
      esbuild-openbsd-64: 0.14.7
      esbuild-sunos-64: 0.14.7
      esbuild-windows-32: 0.14.7
      esbuild-windows-64: 0.14.7
      esbuild-windows-arm64: 0.14.7
    dev: true

  /header-range-parser/1.1.1:
    resolution: {integrity: sha512-aVuAHdlgxPCMkOtKTdUoH72eAHEAqmZqA+oQxvDv1DkYS50KgCt218AYd89/+Pd7+TFQimzn/9LNVfUPEBbRDQ==}
    engines: {node: '>=12.22.0'}
    dev: false

  /http-status-emojis/2.2.0:
    resolution: {integrity: sha512-ompKtgwpx8ff0hsbpIB7oE4ax1LXoHmftsHHStMELX56ivG3GhofTX8ZHWlUaFKfGjcGjw6G3rPk7dJRXMmbbg==}
    dev: false

  /ipaddr.js/2.0.1:
    resolution: {integrity: sha512-1qTgH9NG+IIJ4yfKs2e6Pp1bZg8wbDbKHT21HrLIeYBTRLgMYKnMTPAuI3Lcs61nfx5h1xlXnbJtH1kX5/d/ng==}
    engines: {node: '>= 10'}
    dev: false

  /mime-db/1.51.0:
    resolution: {integrity: sha512-5y8A56jg7XVQx2mbv1lu49NR4dokRnhZYTtL+KGfaa27uq4pSTXkwQkFJl4pkRMyNFz/EtYDSkiiEHx3F7UN6g==}
    engines: {node: '>= 0.6'}
    dev: false

  /negotiator/0.6.2:
    resolution: {integrity: sha512-hZXc7K2e+PgeI1eDBe/10Ard4ekbfrrqG8Ep+8Jmf4JID2bNg7NvCPOZN+kfF574pFQI7mum2AUqDidoKqcTOw==}
    engines: {node: '>= 0.6'}
    dev: false

  /prisma/3.7.0:
    resolution: {integrity: sha512-pzgc95msPLcCHqOli7Hnabu/GRfSGSUWl5s2P6N13T/rgMB+NNeKbxCmzQiZT2yLOeLEPivV6YrW1oeQIwJxcg==}
    engines: {node: '>=12.6'}
    hasBin: true
    requiresBuild: true
    dependencies:
      '@prisma/engines': 3.7.0-31.8746e055198f517658c08a0c426c7eec87f5a85f
    dev: true

  /regexparam/2.0.0:
    resolution: {integrity: sha512-gJKwd2MVPWHAIFLsaYDZfyKzHNS4o7E/v8YmNf44vmeV2e4YfVoDToTOKTvE7ab68cRJ++kLuEXJBaEeJVt5ow==}
    engines: {node: '>=8'}
    dev: false

  /tsm/2.2.1:
    resolution: {integrity: sha512-qvJB0baPnxQJolZru11mRgGTdNlx17WqgJnle7eht3Vhb+VUR4/zFA5hFl6NqRe7m8BD9w/6yu0B2XciRrdoJA==}
    engines: {node: '>=12'}
    hasBin: true
    dependencies:
      esbuild: 0.14.7
    dev: true
